PODS:
  - Capacitor (7.6.7):
    - CapacitorCordova
  - CapacitorApp (7.1.2):
    - Capacitor
  - CapacitorCordova (7.6.7)
  - CapacitorFilesystem (7.1.8):
    - Capacitor
    - IONFilesystemLib (~> 1.1.1)
  - CapacitorHaptics (7.0.5):
    - Capacitor
  - CapacitorLocalNotifications (7.0.7):
    - Capacitor
  - CapacitorPreferences (7.0.4):
    - Capacitor
  - CapacitorShare (7.0.4):
    - Capacitor
  - CapacitorStatusBar (7.0.6):
    - Capacitor
  - DhbwCapacitorCommunityMessaging (0.1.0):
    - Capacitor
    - FirebaseCore (~> 11.0)
    - FirebaseMessaging (~> 11.0)
  - DhbwCapacitorCourseLiveActivity (0.1.0):
    - Capacitor
  - DhbwCapacitorEmbeddedMail (0.1.0):
    - Capacitor
  - DhbwCapacitorSecureStorage (0.1.0):
    - Capacitor
  - DhbwCapacitorWatchSync (0.1.0):
    - Capacitor
  - FirebaseCore (11.15.0):
    - FirebaseCoreInternal (~> 11.15.0)
    - GoogleUtilities/Environment (~> 8.1)
    - GoogleUtilities/Logger (~> 8.1)
  - FirebaseCoreInternal (11.15.0):
    - "GoogleUtilities/NSData+zlib (~> 8.1)"
  - FirebaseInstallations (11.15.0):
    - FirebaseCore (~> 11.15.0)
    - GoogleUtilities/Environment (~> 8.1)
    - GoogleUtilities/UserDefaults (~> 8.1)
    - PromisesObjC (~> 2.4)
  - FirebaseMessaging (11.15.0):
    - FirebaseCore (~> 11.15.0)
    - FirebaseInstallations (~> 11.0)
    - GoogleDataTransport (~> 10.0)
    - GoogleUtilities/AppDelegateSwizzler (~> 8.1)
    - GoogleUtilities/Environment (~> 8.1)
    - GoogleUtilities/Reachability (~> 8.1)
    - GoogleUtilities/UserDefaults (~> 8.1)
    - nanopb (~> 3.30910.0)
  - GoogleDataTransport (10.1.1):
    - nanopb (~> 3.30910.0)
    - PromisesObjC (~> 2.4)
  - GoogleUtilities/AppDelegateSwizzler (8.1.2):
    - GoogleUtilities/Environment
    - GoogleUtilities/Logger
    - GoogleUtilities/Network
    - GoogleUtilities/Privacy
  - GoogleUtilities/Environment (8.1.2):
    - GoogleUtilities/Privacy
  - GoogleUtilities/Logger (8.1.2):
    - GoogleUtilities/Environment
    - GoogleUtilities/Privacy
  - GoogleUtilities/Network (8.1.2):
    - GoogleUtilities/Logger
    - "GoogleUtilities/NSData+zlib"
    - GoogleUtilities/Privacy
    - GoogleUtilities/Reachability
  - "GoogleUtilities/NSData+zlib (8.1.2)":
    - GoogleUtilities/Privacy
  - GoogleUtilities/Privacy (8.1.2)
  - GoogleUtilities/Reachability (8.1.2):
    - GoogleUtilities/Logger
    - GoogleUtilities/Privacy
  - GoogleUtilities/UserDefaults (8.1.2):
    - GoogleUtilities/Logger
    - GoogleUtilities/Privacy
  - IONFilesystemLib (1.1.2)
  - nanopb (3.30910.0):
    - nanopb/decode (= 3.30910.0)
    - nanopb/encode (= 3.30910.0)
  - nanopb/decode (3.30910.0)
  - nanopb/encode (3.30910.0)
  - PromisesObjC (2.4.1)

DEPENDENCIES:
  - "Capacitor (from `../../node_modules/@capacitor/ios`)"
  - "CapacitorApp (from `../../node_modules/@capacitor/app`)"
  - "CapacitorCordova (from `../../node_modules/@capacitor/ios`)"
  - "CapacitorFilesystem (from `../../node_modules/@capacitor/filesystem`)"
  - "CapacitorHaptics (from `../../node_modules/@capacitor/haptics`)"
  - "CapacitorLocalNotifications (from `../../node_modules/@capacitor/local-notifications`)"
  - "CapacitorPreferences (from `../../node_modules/@capacitor/preferences`)"
  - "CapacitorShare (from `../../node_modules/@capacitor/share`)"
  - "CapacitorStatusBar (from `../../node_modules/@capacitor/status-bar`)"
  - DhbwCapacitorCommunityMessaging (from `../../plugins/capacitor-community-messaging`)
  - DhbwCapacitorCourseLiveActivity (from `../../plugins/capacitor-course-live-activity`)
  - DhbwCapacitorEmbeddedMail (from `../../plugins/capacitor-embedded-mail`)
  - DhbwCapacitorSecureStorage (from `../../plugins/capacitor-secure-storage`)
  - DhbwCapacitorWatchSync (from `../../plugins/capacitor-watch-sync`)

SPEC REPOS:
  trunk:
    - FirebaseCore
    - FirebaseCoreInternal
    - FirebaseInstallations
    - FirebaseMessaging
    - GoogleDataTransport
    - GoogleUtilities
    - IONFilesystemLib
    - nanopb
    - PromisesObjC

EXTERNAL SOURCES:
  Capacitor:
    :path: "../../node_modules/@capacitor/ios"
  CapacitorApp:
    :path: "../../node_modules/@capacitor/app"
  CapacitorCordova:
    :path: "../../node_modules/@capacitor/ios"
  CapacitorFilesystem:
    :path: "../../node_modules/@capacitor/filesystem"
  CapacitorHaptics:
    :path: "../../node_modules/@capacitor/haptics"
  CapacitorLocalNotifications:
    :path: "../../node_modules/@capacitor/local-notifications"
  CapacitorPreferences:
    :path: "../../node_modules/@capacitor/preferences"
  CapacitorShare:
    :path: "../../node_modules/@capacitor/share"
  CapacitorStatusBar:
    :path: "../../node_modules/@capacitor/status-bar"
  DhbwCapacitorCommunityMessaging:
    :path: "../../plugins/capacitor-community-messaging"
  DhbwCapacitorCourseLiveActivity:
    :path: "../../plugins/capacitor-course-live-activity"
  DhbwCapacitorEmbeddedMail:
    :path: "../../plugins/capacitor-embedded-mail"
  DhbwCapacitorSecureStorage:
    :path: "../../plugins/capacitor-secure-storage"
  DhbwCapacitorWatchSync:
    :path: "../../plugins/capacitor-watch-sync"

SPEC CHECKSUMS:
  Capacitor: 8ef25ba872436d2c5ac2a4791f7255529bdcd93b
  CapacitorApp: f01a913211780e0718dae9750442c3e23f96e106
  CapacitorCordova: 139e2ed3d91c54b5aeae7941135c9f9aefc6da1d
  CapacitorFilesystem: c63fc54df41e5a6761785a7f3c49dc696c22e296
  CapacitorHaptics: 1b145fa83c622e5383a3bac04ea81e2514f0b0f5
  CapacitorLocalNotifications: 71124afe526ac00585314bff34651bd023f86e37
  CapacitorPreferences: 69d9991307507aeab8ef8019c10b9babfda0e9ca
  CapacitorShare: 25f7fc5dd0e4edbde5d6801c6de5d14a8b450a41
  CapacitorStatusBar: 416e9e53fd6397e668d4a181cd2131617d949bd6
  DhbwCapacitorCommunityMessaging: ba5f1d98f6423195e583f5b017d93b74248b7bcb
  DhbwCapacitorCourseLiveActivity: 1e8360e163b9ab5c59e95d4c75111c3934c3d3e2
  DhbwCapacitorEmbeddedMail: 76db687861342708c08840c943675e94a5601810
  DhbwCapacitorSecureStorage: f0fdfb0914750fc61e410697dbe5074b212d3a88
  DhbwCapacitorWatchSync: 8a12b7986c5c4f2593884a4d7808e2930c499399
  FirebaseCore: efb3893e5b94f32b86e331e3bd6dadf18b66568e
  FirebaseCoreInternal: 9afa45b1159304c963da48addb78275ef701c6b4
  FirebaseInstallations: 317270fec08a5d418fdbc8429282238cab3ac843
  FirebaseMessaging: 3b26e2cee503815e01c3701236b020aa9b576f09
  GoogleDataTransport: a24e58982ab3ba2f64d79613e027fe7f57e88539
  GoogleUtilities: 766ace00c6b10d8148408f329d10c4f051931850
  IONFilesystemLib: 21a63377696b2d8fab5632ecfb7d2ac67bddb68a
  nanopb: fad817b59e0457d11a5dfbde799381cd727c1275
  PromisesObjC: 752c3227f599e3467650e47ea36f433eeb10c273

PODFILE CHECKSUM: efbd73688f9d105e13c9e2b3a7383cb560af4abb

COCOAPODS: 1.16.2
